// !$*UTF8*$!
{
	archiveVersion = 1;
	classes = {
	};
	objectVersion = 56;
	objects = {

/* Begin PBXBuildFile section */
		61BA62442CA537EA008DF1F3 /* Swift_Activty_day_2App.swift in Sources */ = {isa = PBXBuildFile; fileRef = 61BA62432CA537EA008DF1F3 /* Swift_Activty_day_2App.swift */; };
		61BA62462CA537EA008DF1F3 /* ContentView.swift in Sources */ = {isa = PBXBuildFile; fileRef = 61BA62452CA537EA008DF1F3 /* ContentView.swift */; };
		61BA62482CA537EB008DF1F3 /* Assets.xcassets in Resources */ = {isa = PBXBuildFile; fileRef = 61BA62472CA537EB008DF1F3 /* Assets.xcassets */; };
		61BA624B2CA537EB008DF1F3 /* Preview Assets.xcassets in Resources */ = {isa = PBXBuildFile; fileRef = 61BA624A2CA537EB008DF1F3 /* Preview Assets.xcassets */; };
		61BA62552CA537EB008DF1F3 /* Swift_Activty_day_2Tests.swift in Sources */ = {isa = PBXBuildFile; fileRef = 61BA62542CA537EB008DF1F3 /* Swift_Activty_day_2Tests.swift */; };
		61BA625F2CA537EB008DF1F3 /* Swift_Activty_day_2UITests.swift in Sources */ = {isa = PBXBuildFile; fileRef = 61BA625E2CA537EB008DF1F3 /* Swift_Activty_day_2UITests.swift */; };
		61BA62612CA537EB008DF1F3 /* Swift_Activty_day_2UITestsLaunchTests.swift in Sources */ = {isa = PBXBuildFile; fileRef = 61BA62602CA537EB008DF1F3 /* Swift_Activty_day_2UITestsLaunchTests.swift */; };
/* End PBXBuildFile section */

/* Begin PBXContainerItemProxy section */
		61BA62512CA537EB008DF1F3 /* PBXContainerItemProxy */ = {
			isa = PBXContainerItemProxy;
			containerPortal = 61BA62382CA537EA008DF1F3 /* Project object */;
			proxyType = 1;
			remoteGlobalIDString = 61BA623F2CA537EA008DF1F3;
			remoteInfo = "Swift Activty day 2";
		};
		61BA625B2CA537EB008DF1F3 /* PBXContainerItemProxy */ = {
			isa = PBXContainerItemProxy;
			containerPortal = 61BA62382CA537EA008DF1F3 /* Project object */;
			proxyType = 1;
			remoteGlobalIDString = 61BA623F2CA537EA008DF1F3;
			remoteInfo = "Swift Activty day 2";
		};
/* End PBXContainerItemProxy section */

/* Begin PBXFileReference section */
		61BA62402CA537EA008DF1F3 /* Swift Activty day 2.app */ = {isa = PBXFileReference; explicitFileType = wrapper.application; includeInIndex = 0; path = "Swift Activty day 2.app"; sourceTree = BUILT_PRODUCTS_DIR; };
		61BA62432CA537EA008DF1F3 /* Swift_Activty_day_2App.swift */ = {isa = PBXFileReference; lastKnownFileType = sourcecode.swift; path = Swift_Activty_day_2App.swift; sourceTree = "<group>"; };
		61BA62452CA537EA008DF1F3 /* ContentView.swift */ = {isa = PBXFileReference; lastKnownFileType = sourcecode.swift; path = ContentView.swift; sourceTree = "<group>"; };
		61BA62472CA537EB008DF1F3 /* Assets.xcassets */ = {isa = PBXFileReference; lastKnownFileType = folder.assetcatalog; path = Assets.xcassets; sourceTree = "<group>"; };
		61BA624A2CA537EB008DF1F3 /* Preview Assets.xcassets */ = {isa = PBXFileReference; lastKnownFileType = folder.assetcatalog; path = "Preview Assets.xcassets"; sourceTree = "<group>"; };
		61BA62502CA537EB008DF1F3 /* Swift Activty day 2Tests.xctest */ = {isa = PBXFileReference; explicitFileType = wrapper.cfbundle; includeInIndex = 0; path = "Swift Activty day 2Tests.xctest"; sourceTree = BUILT_PRODUCTS_DIR; };
		61BA62542CA537EB008DF1F3 /* Swift_Activty_day_2Tests.swift */ = {isa = PBXFileReference; lastKnownFileType = sourcecode.swift; path = Swift_Activty_day_2Tests.swift; sourceTree = "<group>"; };
		61BA625A2CA537EB008DF1F3 /* Swift Activty day 2UITests.xctest */ = {isa = PBXFileReference; explicitFileType = wrapper.cfbundle; includeInIndex = 0; path = "Swift Activty day 2UITests.xctest"; sourceTree = BUILT_PRODUCTS_DIR; };
		61BA625E2CA537EB008DF1F3 /* Swift_Activty_day_2UITests.swift */ = {isa = PBXFileReference; lastKnownFileType = sourcecode.swift; path = Swift_Activty_day_2UITests.swift; sourceTree = "<group>"; };
		61BA62602CA537EB008DF1F3 /* Swift_Activty_day_2UITestsLaunchTests.swift */ = {isa = PBXFileReference; lastKnownFileType = sourcecode.swift; path = Swift_Activty_day_2UITestsLaunchTests.swift; sourceTree = "<group>"; };
/* End PBXFileReference section */

/* Begin PBXFrameworksBuildPhase section */
		61BA623D2CA537EA008DF1F3 /* Frameworks */ = {
			isa = PBXFrameworksBuildPhase;
			buildActionMask = 2147483647;
			files = (
			);
			runOnlyForDeploymentPostprocessing = 0;
		};
		61BA624D2CA537EB008DF1F3 /* Frameworks */ = {
			isa = PBXFrameworksBuildPhase;
			buildActionMask = 2147483647;
			files = (
			);
			runOnlyForDeploymentPostprocessing = 0;
		};
		61BA62572CA537EB008DF1F3 /* Frameworks */ = {
			isa = PBXFrameworksBuildPhase;
			buildActionMask = 2147483647;
			files = (
			);
			runOnlyForDeploymentPostprocessing = 0;
		};
/* End PBXFrameworksBuildPhase section */

/* Begin PBXGroup section */
		61BA62372CA537EA008DF1F3 = {
			isa = PBXGroup;
			children = (
				61BA62422CA537EA008DF1F3 /* Swift Activty day 2 */,
				61BA62532CA537EB008DF1F3 /* Swift Activty day 2Tests */,
				61BA625D2CA537EB008DF1F3 /* Swift Activty day 2UITests */,
				61BA62412CA537EA008DF1F3 /* Products */,
			);
			sourceTree = "<group>";
		};
		61BA62412CA537EA008DF1F3 /* Products */ = {
			isa = PBXGroup;
			children = (
				61BA62402CA537EA008DF1F3 /* Swift Activty day 2.app */,
				61BA62502CA537EB008DF1F3 /* Swift Activty day 2Tests.xctest */,
				61BA625A2CA537EB008DF1F3 /* Swift Activty day 2UITests.xctest */,
			);
			name = Products;
			sourceTree = "<group>";
		};
		61BA62422CA537EA008DF1F3 /* Swift Activty day 2 */ = {
			isa = PBXGroup;
			children = (
				61BA62432CA537EA008DF1F3 /* Swift_Activty_day_2App.swift */,
				61BA62452CA537EA008DF1F3 /* ContentView.swift */,
				61BA62472CA537EB008DF1F3 /* Assets.xcassets */,
				61BA62492CA537EB008DF1F3 /* Preview Content */,
			);
			path = "Swift Activty day 2";
			sourceTree = "<group>";
		};
		61BA62492CA537EB008DF1F3 /* Preview Content */ = {
			isa = PBXGroup;
			children = (
				61BA624A2CA537EB008DF1F3 /* Preview Assets.xcassets */,
			);
			path = "Preview Content";
			sourceTree = "<group>";
		};
		61BA62532CA537EB008DF1F3 /* Swift Activty day 2Tests */ = {
			isa = PBXGroup;
			children = (
				61BA62542CA537EB008DF1F3 /* Swift_Activty_day_2Tests.swift */,
			);
			path = "Swift Activty day 2Tests";
			sourceTree = "<group>";
		};
		61BA625D2CA537EB008DF1F3 /* Swift Activty day 2UITests */ = {
			isa = PBXGroup;
			children = (
				61BA625E2CA537EB008DF1F3 /* Swift_Activty_day_2UITests.swift */,
				61BA62602CA537EB008DF1F3 /* Swift_Activty_day_2UITestsLaunchTests.swift */,
			);
			path = "Swift Activty day 2UITests";
			sourceTree = "<group>";
		};
/* End PBXGroup section */

/* Begin PBXNativeTarget section */
		61BA623F2CA537EA008DF1F3 /* Swift Activty day 2 */ = {
			isa = PBXNativeTarget;
			buildConfigurationList = 61BA62642CA537EB008DF1F3 /* Build configuration list for PBXNativeTarget "Swift Activty day 2" */;
			buildPhases = (
				61BA623C2CA537EA008DF1F3 /* Sources */,
				61BA623D2CA537EA008DF1F3 /* Frameworks */,
				61BA623E2CA537EA008DF1F3 /* Resources */,
			);
			buildRules = (
			);
			dependencies = (
			);
			name = "Swift Activty day 2";
			productName = "Swift Activty day 2";
			productReference = 61BA62402CA537EA008DF1F3 /* Swift Activty day 2.app */;
			productType = "com.apple.product-type.application";
		};
		61BA624F2CA537EB008DF1F3 /* Swift Activty day 2Tests */ = {
			isa = PBXNativeTarget;
			buildConfigurationList = 61BA62672CA537EB008DF1F3 /* Build configuration list for PBXNativeTarget "Swift Activty day 2Tests" */;
			buildPhases = (
				61BA624C2CA537EB008DF1F3 /* Sources */,
				61BA624D2CA537EB008DF1F3 /* Frameworks */,
				61BA624E2CA537EB008DF1F3 /* Resources */,
			);
			buildRules = (
			);
			dependencies = (
				61BA62522CA537EB008DF1F3 /* PBXTargetDependency */,
			);
			name = "Swift Activty day 2Tests";
			productName = "Swift Activty day 2Tests";
			productReference = 61BA62502CA537EB008DF1F3 /* Swift Activty day 2Tests.xctest */;
			productType = "com.apple.product-type.bundle.unit-test";
		};
		61BA62592CA537EB008DF1F3 /* Swift Activty day 2UITests */ = {
			isa = PBXNativeTarget;
			buildConfigurationList = 61BA626A2CA537EB008DF1F3 /* Build configuration list for PBXNativeTarget "Swift Activty day 2UITests" */;
			buildPhases = (
				61BA62562CA537EB008DF1F3 /* Sources */,
				61BA62572CA537EB008DF1F3 /* Frameworks */,
				61BA62582CA537EB008DF1F3 /* Resources */,
			);
			buildRules = (
			);
			dependencies = (
				61BA625C2CA537EB008DF1F3 /* PBXTargetDependency */,
			);
			name = "Swift Activty day 2UITests";
			productName = "Swift Activty day 2UITests";
			productReference = 61BA625A2CA537EB008DF1F3 /* Swift Activty day 2UITests.xctest */;
			productType = "com.apple.product-type.bundle.ui-testing";
		};
/* End PBXNativeTarget section */

/* Begin PBXProject section */
		61BA62382CA537EA008DF1F3 /* Project object */ = {
			isa = PBXProject;
			attributes = {
				BuildIndependentTargetsInParallel = 1;
				LastSwiftUpdateCheck = 1540;
				LastUpgradeCheck = 1540;
				TargetAttributes = {
					61BA623F2CA537EA008DF1F3 = {
						CreatedOnToolsVersion = 15.4;
					};
					61BA624F2CA537EB008DF1F3 = {
						CreatedOnToolsVersion = 15.4;
						TestTargetID = 61BA623F2CA537EA008DF1F3;
					};
					61BA62592CA537EB008DF1F3 = {
						CreatedOnToolsVersion = 15.4;
						TestTargetID = 61BA623F2CA537EA008DF1F3;
					};
				};
			};
			buildConfigurationList = 61BA623B2CA537EA008DF1F3 /* Build configuration list for PBXProject "Swift Activty day 2" */;
			compatibilityVersion = "Xcode 14.0";
			developmentRegion = en;
			hasScannedForEncodings = 0;
			knownRegions = (
				en,
				Base,
			);
			mainGroup = 61BA62372CA537EA008DF1F3;
			productRefGroup = 61BA62412CA537EA008DF1F3 /* Products */;
			projectDirPath = "";
			projectRoot = "";
			targets = (
				61BA623F2CA537EA008DF1F3 /* Swift Activty day 2 */,
				61BA624F2CA537EB008DF1F3 /* Swift Activty day 2Tests */,
				61BA62592CA537EB008DF1F3 /* Swift Activty day 2UITests */,
			);
		};
/* End PBXProject section */

/* Begin PBXResourcesBuildPhase section */
		61BA623E2CA537EA008DF1F3 /* Resources */ = {
			isa = PBXResourcesBuildPhase;
			buildActionMask = 2147483647;
			files = (
				61BA624B2CA537EB008DF1F3 /* Preview Assets.xcassets in Resources */,
				61BA62482CA537EB008DF1F3 /* Assets.xcassets in Resources */,
			);
			runOnlyForDeploymentPostprocessing = 0;
		};
		61BA624E2CA537EB008DF1F3 /* Resources */ = {
			isa = PBXResourcesBuildPhase;
			buildActionMask = 2147483647;
			files = (
			);
			runOnlyForDeploymentPostprocessing = 0;
		};
		61BA62582CA537EB008DF1F3 /* Resources */ = {
			isa = PBXResourcesBuildPhase;
			buildActionMask = 2147483647;
			files = (
			);
			runOnlyForDeploymentPostprocessing = 0;
		};
/* End PBXResourcesBuildPhase section */

/* Begin PBXSourcesBuildPhase section */
		61BA623C2CA537EA008DF1F3 /* Sources */ = {
			isa = PBXSourcesBuildPhase;
			buildActionMask = 2147483647;
			files = (
				61BA62462CA537EA008DF1F3 /* ContentView.swift in Sources */,
				61BA62442CA537EA008DF1F3 /* Swift_Activty_day_2App.swift in Sources */,
			);
			runOnlyForDeploymentPostprocessing = 0;
		};
		61BA624C2CA537EB008DF1F3 /* Sources */ = {
			isa = PBXSourcesBuildPhase;
			buildActionMask = 2147483647;
			files = (
				61BA62552CA537EB008DF1F3 /* Swift_Activty_day_2Tests.swift in Sources */,
			);
			runOnlyForDeploymentPostprocessing = 0;
		};
		61BA62562CA537EB008DF1F3 /* Sources */ = {
			isa = PBXSourcesBuildPhase;
			buildActionMask = 2147483647;
			files = (
				61BA625F2CA537EB008DF1F3 /* Swift_Activty_day_2UITests.swift in Sources */,
				61BA62612CA537EB008DF1F3 /* Swift_Activty_day_2UITestsLaunchTests.swift in Sources */,
			);
			runOnlyForDeploymentPostprocessing = 0;
		};
/* End PBXSourcesBuildPhase section */

/* Begin PBXTargetDependency section */
		61BA62522CA537EB008DF1F3 /* PBXTargetDependency */ = {
			isa = PBXTargetDependency;
			target = 61BA623F2CA537EA008DF1F3 /* Swift Activty day 2 */;
			targetProxy = 61BA62512CA537EB008DF1F3 /* PBXContainerItemProxy */;
		};
		61BA625C2CA537EB008DF1F3 /* PBXTargetDependency */ = {
			isa = PBXTargetDependency;
			target = 61BA623F2CA537EA008DF1F3 /* Swift Activty day 2 */;
			targetProxy = 61BA625B2CA537EB008DF1F3 /* PBXContainerItemProxy */;
		};
/* End PBXTargetDependency section */

/* Begin XCBuildConfiguration section */
		61BA62622CA537EB008DF1F3 /* Debug */ = {
			isa = XCBuildConfiguration;
			buildSettings = {
				ALWAYS_SEARCH_USER_PATHS = NO;
				ASSETCATALOG_COMPILER_GENERATE_SWIFT_ASSET_SYMBOL_EXTENSIONS = YES;
				CLANG_ANALYZER_NONNULL = YES;
				CLANG_ANALYZER_NUMBER_OBJECT_CONVERSION = YES_AGGRESSIVE;
				CLANG_CXX_LANGUAGE_STANDARD = "gnu++20";
				CLANG_ENABLE_MODULES = YES;
				CLANG_ENABLE_OBJC_ARC = YES;
				CLANG_ENABLE_OBJC_WEAK = YES;
				CLANG_WARN_BLOCK_CAPTURE_AUTORELEASING = YES;
				CLANG_WARN_BOOL_CONVERSION = YES;
				CLANG_WARN_COMMA = YES;
				CLANG_WARN_CONSTANT_CONVERSION = YES;
				CLANG_WARN_DEPRECATED_OBJC_IMPLEMENTATIONS = YES;
				CLANG_WARN_DIRECT_OBJC_ISA_USAGE = YES_ERROR;
				CLANG_WARN_DOCUMENTATION_COMMENTS = YES;
				CLANG_WARN_EMPTY_BODY = YES;
				CLANG_WARN_ENUM_CONVERSION = YES;
				CLANG_WARN_INFINITE_RECURSION = YES;
				CLANG_WARN_INT_CONVERSION = YES;
				CLANG_WARN_NON_LITERAL_NULL_CONVERSION = YES;
				CLANG_WARN_OBJC_IMPLICIT_RETAIN_SELF = YES;
				CLANG_WARN_OBJC_LITERAL_CONVERSION = YES;
				CLANG_WARN_OBJC_ROOT_CLASS = YES_ERROR;
				CLANG_WARN_QUOTED_INCLUDE_IN_FRAMEWORK_HEADER = YES;
				CLANG_WARN_RANGE_LOOP_ANALYSIS = YES;
				CLANG_WARN_STRICT_PROTOTYPES = YES;
				CLANG_WARN_SUSPICIOUS_MOVE = YES;
				CLANG_WARN_UNGUARDED_AVAILABILITY = YES_AGGRESSIVE;
				CLANG_WARN_UNREACHABLE_CODE = YES;
				CLANG_WARN__DUPLICATE_METHOD_MATCH = YES;
				COPY_PHASE_STRIP = NO;
				DEBUG_INFORMATION_FORMAT = dwarf;
				ENABLE_STRICT_OBJC_MSGSEND = YES;
				ENABLE_TESTABILITY = YES;
				ENABLE_USER_SCRIPT_SANDBOXING = YES;
				GCC_C_LANGUAGE_STANDARD = gnu17;
				GCC_DYNAMIC_NO_PIC = NO;
				GCC_NO_COMMON_BLOCKS = YES;
				GCC_OPTIMIZATION_LEVEL = 0;
				GCC_PREPROCESSOR_DEFINITIONS = (
					"DEBUG=1",
					"$(inherited)",
				);
				GCC_WARN_64_TO_32_BIT_CONVERSION = YES;
				GCC_WARN_ABOUT_RETURN_TYPE = YES_ERROR;
				GCC_WARN_UNDECLARED_SELECTOR = YES;
				GCC_WARN_UNINITIALIZED_AUTOS = YES_AGGRESSIVE;
				GCC_WARN_UNUSED_FUNCTION = YES;
				GCC_WARN_UNUSED_VARIABLE = YES;
				IPHONEOS_DEPLOYMENT_TARGET = 17.5;
				LOCALIZATION_PREFERS_STRING_CATALOGS = YES;
				MTL_ENABLE_DEBUG_INFO = INCLUDE_SOURCE;
				MTL_FAST_MATH = YES;
				ONLY_ACTIVE_ARCH = YES;
				SDKROOT = iphoneos;
				SWIFT_ACTIVE_COMPILATION_CONDITIONS = "DEBUG $(inherited)";
				SWIFT_OPTIMIZATION_LEVEL = "-Onone";
			};
			name = Debug;
		};
		61BA62632CA537EB008DF1F3 /* Release */ = {
			isa = XCBuildConfiguration;
			buildSettings = {
				ALWAYS_SEARCH_USER_PATHS = NO;
				ASSETCATALOG_COMPILER_GENERATE_SWIFT_ASSET_SYMBOL_EXTENSIONS = YES;
				CLANG_ANALYZER_NONNULL = YES;
				CLANG_ANALYZER_NUMBER_OBJECT_CONVERSION = YES_AGGRESSIVE;
				CLANG_CXX_LANGUAGE_STANDARD = "gnu++20";
				CLANG_ENABLE_MODULES = YES;
				CLANG_ENABLE_OBJC_ARC = YES;
				CLANG_ENABLE_OBJC_WEAK = YES;
				CLANG_WARN_BLOCK_CAPTURE_AUTORELEASING = YES;
				CLANG_WARN_BOOL_CONVERSION = YES;
				CLANG_WARN_COMMA = YES;
				CLANG_WARN_CONSTANT_CONVERSION = YES;
				CLANG_WARN_DEPRECATED_OBJC_IMPLEMENTATIONS = YES;
				CLANG_WARN_DIRECT_OBJC_ISA_USAGE = YES_ERROR;
				CLANG_WARN_DOCUMENTATION_COMMENTS = YES;
				CLANG_WARN_EMPTY_BODY = YES;
				CLANG_WARN_ENUM_CONVERSION = YES;
				CLANG_WARN_INFINITE_RECURSION = YES;
				CLANG_WARN_INT_CONVERSION = YES;
				CLANG_WARN_NON_LITERAL_NULL_CONVERSION = YES;
				CLANG_WARN_OBJC_IMPLICIT_RETAIN_SELF = YES;
				CLANG_WARN_OBJC_LITERAL_CONVERSION = YES;
				CLANG_WARN_OBJC_ROOT_CLASS = YES_ERROR;
				CLANG_WARN_QUOTED_INCLUDE_IN_FRAMEWORK_HEADER = YES;
				CLANG_WARN_RANGE_LOOP_ANALYSIS = YES;
				CLANG_WARN_STRICT_PROTOTYPES = YES;
				CLANG_WARN_SUSPICIOUS_MOVE = YES;
				CLANG_WARN_UNGUARDED_AVAILABILITY = YES_AGGRESSIVE;
				CLANG_WARN_UNREACHABLE_CODE = YES;
				CLANG_WARN__DUPLICATE_METHOD_MATCH = YES;
				COPY_PHASE_STRIP = NO;
				DEBUG_INFORMATION_FORMAT = "dwarf-with-dsym";
				ENABLE_NS_ASSERTIONS = NO;
				ENABLE_STRICT_OBJC_MSGSEND = YES;
				ENABLE_USER_SCRIPT_SANDBOXING = YES;
				GCC_C_LANGUAGE_STANDARD = gnu17;
				GCC_NO_COMMON_BLOCKS = YES;
				GCC_WARN_64_TO_32_BIT_CONVERSION = YES;
				GCC_WARN_ABOUT_RETURN_TYPE = YES_ERROR;
				GCC_WARN_UNDECLARED_SELECTOR = YES;
				GCC_WARN_UNINITIALIZED_AUTOS = YES_AGGRESSIVE;
				GCC_WARN_UNUSED_FUNCTION = YES;
				GCC_WARN_UNUSED_VARIABLE = YES;
				IPHONEOS_DEPLOYMENT_TARGET = 17.5;
				LOCALIZATION_PREFERS_STRING_CATALOGS = YES;
				MTL_ENABLE_DEBUG_INFO = NO;
				MTL_FAST_MATH = YES;
				SDKROOT = iphoneos;
				SWIFT_COMPILATION_MODE = wholemodule;
				VALIDATE_PRODUCT = YES;
			};
			name = Release;
		};
		61BA62652CA537EB008DF1F3 /* Debug */ = {
			isa = XCBuildConfiguration;
			buildSettings = {
				ASSETCATALOG_COMPILER_APPICON_NAME = AppIcon;
				ASSETCATALOG_COMPILER_GLOBAL_ACCENT_COLOR_NAME = AccentColor;
				CODE_SIGN_STYLE = Automatic;
				CURRENT_PROJECT_VERSION = 1;
				DEVELOPMENT_ASSET_PATHS = "\"Swift Activty day 2/Preview Content\"";
				ENABLE_PREVIEWS = YES;
				GENERATE_INFOPLIST_FILE = YES;
				INFOPLIST_KEY_UIApplicationSceneManifest_Generation = YES;
				INFOPLIST_KEY_UIApplicationSupportsIndirectInputEvents = YES;
				INFOPLIST_KEY_UILaunchScreen_Generation = YES;
				INFOPLIST_KEY_UISupportedInterfaceOrientations_iPad = "UIInterfaceOrientationPortrait UIInterfaceOrientationPortraitUpsideDown UIInterfaceOrientationLandscapeLeft UIInterfaceOrientationLandscapeRight";
				INFOPLIST_KEY_UISupportedInterfaceOrientations_iPhone = "UIInterfaceOrientationPortrait UIInterfaceOrientationLandscapeLeft UIInterfaceOrientationLandscapeRight";
				LD_RUNPATH_SEARCH_PATHS = (
					"$(inherited)",
					"@executable_path/Frameworks",
				);
				MARKETING_VERSION = 1.0;
				PRODUCT_BUNDLE_IDENTIFIER = "com.alaa.Swift-Activty-day-2";
				PRODUCT_NAME = "$(TARGET_NAME)";
				SWIFT_EMIT_LOC_STRINGS = YES;
				SWIFT_VERSION = 5.0;
				TARGETED_DEVICE_FAMILY = "1,2";
			};
			name = Debug;
		};
		61BA62662CA537EB008DF1F3 /* Release */ = {
			isa = XCBuildConfiguration;
			buildSettings = {
				ASSETCATALOG_COMPILER_APPICON_NAME = AppIcon;
				ASSETCATALOG_COMPILER_GLOBAL_ACCENT_COLOR_NAME = AccentColor;
				CODE_SIGN_STYLE = Automatic;
				CURRENT_PROJECT_VERSION = 1;
				DEVELOPMENT_ASSET_PATHS = "\"Swift Activty day 2/Preview Content\"";
				ENABLE_PREVIEWS = YES;
				GENERATE_INFOPLIST_FILE = YES;
				INFOPLIST_KEY_UIApplicationSceneManifest_Generation = YES;
				INFOPLIST_KEY_UIApplicationSupportsIndirectInputEvents = YES;
				INFOPLIST_KEY_UILaunchScreen_Generation = YES;
				INFOPLIST_KEY_UISupportedInterfaceOrientations_iPad = "UIInterfaceOrientationPortrait UIInterfaceOrientationPortraitUpsideDown UIInterfaceOrientationLandscapeLeft UIInterfaceOrientationLandscapeRight";
				INFOPLIST_KEY_UISupportedInterfaceOrientations_iPhone = "UIInterfaceOrientationPortrait UIInterfaceOrientationLandscapeLeft UIInterfaceOrientationLandscapeRight";
				LD_RUNPATH_SEARCH_PATHS = (
					"$(inherited)",
					"@executable_path/Frameworks",
				);
				MARKETING_VERSION = 1.0;
				PRODUCT_BUNDLE_IDENTIFIER = "com.alaa.Swift-Activty-day-2";
				PRODUCT_NAME = "$(TARGET_NAME)";
				SWIFT_EMIT_LOC_STRINGS = YES;
				SWIFT_VERSION = 5.0;
				TARGETED_DEVICE_FAMILY = "1,2";
			};
			name = Release;
		};
		61BA62682CA537EB008DF1F3 /* Debug */ = {
			isa = XCBuildConfiguration;
			buildSettings = {
				ALWAYS_EMBED_SWIFT_STANDARD_LIBRARIES = YES;
				BUNDLE_LOADER = "$(TEST_HOST)";
				CODE_SIGN_STYLE = Automatic;
				CURRENT_PROJECT_VERSION = 1;
				GENERATE_INFOPLIST_FILE = YES;
				IPHONEOS_DEPLOYMENT_TARGET = 17.5;
				MARKETING_VERSION = 1.0;
				PRODUCT_BUNDLE_IDENTIFIER = "com.alaa.Swift-Activty-day-2Tests";
				PRODUCT_NAME = "$(TARGET_NAME)";
				SWIFT_EMIT_LOC_STRINGS = NO;
				SWIFT_VERSION = 5.0;
				TARGETED_DEVICE_FAMILY = "1,2";
				TEST_HOST = "$(BUILT_PRODUCTS_DIR)/Swift Activty day 2.app/$(BUNDLE_EXECUTABLE_FOLDER_PATH)/Swift Activty day 2";
			};
			name = Debug;
		};
		61BA62692CA537EB008DF1F3 /* Release */ = {
			isa = XCBuildConfiguration;
			buildSettings = {
				ALWAYS_EMBED_SWIFT_STANDARD_LIBRARIES = YES;
				BUNDLE_LOADER = "$(TEST_HOST)";
				CODE_SIGN_STYLE = Automatic;
				CURRENT_PROJECT_VERSION = 1;
				GENERATE_INFOPLIST_FILE = YES;
				IPHONEOS_DEPLOYMENT_TARGET = 17.5;
				MARKETING_VERSION = 1.0;
				PRODUCT_BUNDLE_IDENTIFIER = "com.alaa.Swift-Activty-day-2Tests";
				PRODUCT_NAME = "$(TARGET_NAME)";
				SWIFT_EMIT_LOC_STRINGS = NO;
				SWIFT_VERSION = 5.0;
				TARGETED_DEVICE_FAMILY = "1,2";
				TEST_HOST = "$(BUILT_PRODUCTS_DIR)/Swift Activty day 2.app/$(BUNDLE_EXECUTABLE_FOLDER_PATH)/Swift Activty day 2";
			};
			name = Release;
		};
		61BA626B2CA537EB008DF1F3 /* Debug */ = {
			isa = XCBuildConfiguration;
			buildSettings = {
				ALWAYS_EMBED_SWIFT_STANDARD_LIBRARIES = YES;
				CODE_SIGN_STYLE = Automatic;
				CURRENT_PROJECT_VERSION = 1;
				GENERATE_INFOPLIST_FILE = YES;
				MARKETING_VERSION = 1.0;
				PRODUCT_BUNDLE_IDENTIFIER = "com.alaa.Swift-Activty-day-2UITests";
				PRODUCT_NAME = "$(TARGET_NAME)";
				SWIFT_EMIT_LOC_STRINGS = NO;
				SWIFT_VERSION = 5.0;
				TARGETED_DEVICE_FAMILY = "1,2";
				TEST_TARGET_NAME = "Swift Activty day 2";
			};
			name = Debug;
		};
		61BA626C2CA537EB008DF1F3 /* Release */ = {
			isa = XCBuildConfiguration;
			buildSettings = {
				ALWAYS_EMBED_SWIFT_STANDARD_LIBRARIES = YES;
				CODE_SIGN_STYLE = Automatic;
				CURRENT_PROJECT_VERSION = 1;
				GENERATE_INFOPLIST_FILE = YES;
				MARKETING_VERSION = 1.0;
				PRODUCT_BUNDLE_IDENTIFIER = "com.alaa.Swift-Activty-day-2UITests";
				PRODUCT_NAME = "$(TARGET_NAME)";
				SWIFT_EMIT_LOC_STRINGS = NO;
				SWIFT_VERSION = 5.0;
				TARGETED_DEVICE_FAMILY = "1,2";
				TEST_TARGET_NAME = "Swift Activty day 2";
			};
			name = Release;
		};
/* End XCBuildConfiguration section */

/* Begin XCConfigurationList section */
		61BA623B2CA537EA008DF1F3 /* Build configuration list for PBXProject "Swift Activty day 2" */ = {
			isa = XCConfigurationList;
			buildConfigurations = (
				61BA62622CA537EB008DF1F3 /* Debug */,
				61BA62632CA537EB008DF1F3 /* Release */,
			);
			defaultConfigurationIsVisible = 0;
			defaultConfigurationName = Release;
		};
		61BA62642CA537EB008DF1F3 /* Build configuration list for PBXNativeTarget "Swift Activty day 2" */ = {
			isa = XCConfigurationList;
			buildConfigurations = (
				61BA62652CA537EB008DF1F3 /* Debug */,
				61BA62662CA537EB008DF1F3 /* Release */,
			);
			defaultConfigurationIsVisible = 0;
			defaultConfigurationName = Release;
		};
		61BA62672CA537EB008DF1F3 /* Build configuration list for PBXNativeTarget "Swift Activty day 2Tests" */ = {
			isa = XCConfigurationList;
			buildConfigurations = (
				61BA62682CA537EB008DF1F3 /* Debug */,
				61BA62692CA537EB008DF1F3 /* Release */,
			);
			defaultConfigurationIsVisible = 0;
			defaultConfigurationName = Release;
		};
		61BA626A2CA537EB008DF1F3 /* Build configuration list for PBXNativeTarget "Swift Activty day 2UITests" */ = {
			isa = XCConfigurationList;
			buildConfigurations = (
				61BA626B2CA537EB008DF1F3 /* Debug */,
				61BA626C2CA537EB008DF1F3 /* Release */,
			);
			defaultConfigurationIsVisible = 0;
			defaultConfigurationName = Release;
		};
/* End XCConfigurationList section */
	};
	rootObject = 61BA62382CA537EA008DF1F3 /* Project object */;
}
